
Microsoft Visual Studio Solution File, Format Version 12.00
# Visual Studio Version 17
VisualStudioVersion = 17.3.32819.101
MinimumVisualStudioVersion = 10.0.40219.1
Project("{FAE04EC0-301F-11D3-BF4B-00C04F79EFBC}") = "WebApplicationProyectoFinal", "WebApplicationProyectoFinal\WebApplicationProyectoFinal.csproj", "{686C3364-2392-4539-801E-02379342B280}"
EndProject
Global
	GlobalSection(SolutionConfigurationPlatforms) = preSolution
		Debug|Any CPU = Debug|Any CPU
		Release|Any CPU = Release|Any CPU
	EndGlobalSection
	GlobalSection(ProjectConfigurationPlatforms) = postSolution
		{686C3364-2392-4539-801E-02379342B280}.Debug|Any CPU.ActiveCfg = Debug|Any CPU
		{686C3364-2392-4539-801E-02379342B280}.Debug|Any CPU.Build.0 = Debug|Any CPU
		{686C3364-2392-4539-801E-02379342B280}.Release|Any CPU.ActiveCfg = Release|Any CPU
		{686C3364-2392-4539-801E-02379342B280}.Release|Any CPU.Build.0 = Release|Any CPU
	EndGlobalSection
	GlobalSection(SolutionProperties) = preSolution
		HideSolutionNode = FALSE
	EndGlobalSection
	GlobalSection(ExtensibilityGlobals) = postSolution
		SolutionGuid = {7A89710B-D28A-4FCB-9C80-C466CE7CB76D}
	EndGlobalSection
EndGlobal
